// !$*UTF8*$!
{
	archiveVersion = 1;
	classes = {
	};
	objectVersion = 50;
	objects = {

/* Begin PBXBuildFile section */
		DF41FFD32502ACCB00EDA819 /* AppDelegate.swift in Sources */ = {isa = PBXBuildFile; fileRef = DF41FFD22502ACCB00EDA819 /* AppDelegate.swift */; };
		DF41FFD52502ACCB00EDA819 /* SceneDelegate.swift in Sources */ = {isa = PBXBuildFile; fileRef = DF41FFD42502ACCB00EDA819 /* SceneDelegate.swift */; };
		DF41FFD72502ACCB00EDA819 /* ViewController.swift in Sources */ = {isa = PBXBuildFile; fileRef = DF41FFD62502ACCB00EDA819 /* ViewController.swift */; };
		DF41FFDA2502ACCB00EDA819 /* Main.storyboard in Resources */ = {isa = PBXBuildFile; fileRef = DF41FFD82502ACCB00EDA819 /* Main.storyboard */; };
		DF41FFDD2502ACCB00EDA819 /* MediaSoft.xcdatamodeld in Sources */ = {isa = PBXBuildFile; fileRef = DF41FFDB2502ACCB00EDA819 /* MediaSoft.xcdatamodeld */; };
		DF41FFDF2502ACCD00EDA819 /* Assets.xcassets in Resources */ = {isa = PBXBuildFile; fileRef = DF41FFDE2502ACCD00EDA819 /* Assets.xcassets */; };
		DF41FFE22502ACCD00EDA819 /* LaunchScreen.storyboard in Resources */ = {isa = PBXBuildFile; fileRef = DF41FFE02502ACCD00EDA819 /* LaunchScreen.storyboard */; };
/* End PBXBuildFile section */

/* Begin PBXFileReference section */
		DF41FFCF2502ACCB00EDA819 /* MediaSoft.app */ = {isa = PBXFileReference; explicitFileType = wrapper.application; includeInIndex = 0; path = MediaSoft.app; sourceTree = BUILT_PRODUCTS_DIR; };
		DF41FFD22502ACCB00EDA819 /* AppDelegate.swift */ = {isa = PBXFileReference; lastKnownFileType = sourcecode.swift; path = AppDelegate.swift; sourceTree = "<group>"; };
		DF41FFD42502ACCB00EDA819 /* SceneDelegate.swift */ = {isa = PBXFileReference; lastKnownFileType = sourcecode.swift; path = SceneDelegate.swift; sourceTree = "<group>"; };
		DF41FFD62502ACCB00EDA819 /* ViewController.swift */ = {isa = PBXFileReference; lastKnownFileType = sourcecode.swift; path = ViewController.swift; sourceTree = "<group>"; };
		DF41FFD92502ACCB00EDA819 /* Base */ = {isa = PBXFileReference; lastKnownFileType = file.storyboard; name = Base; path = Base.lproj/Main.storyboard; sourceTree = "<group>"; };
		DF41FFDC2502ACCB00EDA819 /* MediaSoft.xcdatamodel */ = {isa = PBXFileReference; lastKnownFileType = wrapper.xcdatamodel; path = MediaSoft.xcdatamodel; sourceTree = "<group>"; };
		DF41FFDE2502ACCD00EDA819 /* Assets.xcassets */ = {isa = PBXFileReference; lastKnownFileType = folder.assetcatalog; path = Assets.xcassets; sourceTree = "<group>"; };
		DF41FFE12502ACCD00EDA819 /* Base */ = {isa = PBXFileReference; lastKnownFileType = file.storyboard; name = Base; path = Base.lproj/LaunchScreen.storyboard; sourceTree = "<group>"; };
		DF41FFE32502ACCD00EDA819 /* Info.plist */ = {isa = PBXFileReference; lastKnownFileType = text.plist.xml; path = Info.plist; sourceTree = "<group>"; };
/* End PBXFileReference section */

/* Begin PBXFrameworksBuildPhase section */
		DF41FFCC2502ACCB00EDA819 /* Frameworks */ = {
			isa = PBXFrameworksBuildPhase;
			buildActionMask = 2147483647;
			files = (
			);
			runOnlyForDeploymentPostprocessing = 0;
		};
/* End PBXFrameworksBuildPhase section */

/* Begin PBXGroup section */
		DF41FFC62502ACCB00EDA819 = {
			isa = PBXGroup;
			children = (
				DF41FFD12502ACCB00EDA819 /* MediaSoft */,
				DF41FFD02502ACCB00EDA819 /* Products */,
			);
			sourceTree = "<group>";
		};
		DF41FFD02502ACCB00EDA819 /* Products */ = {
			isa = PBXGroup;
			children = (
				DF41FFCF2502ACCB00EDA819 /* MediaSoft.app */,
			);
			name = Products;
			sourceTree = "<group>";
		};
		DF41FFD12502ACCB00EDA819 /* MediaSoft */ = {
			isa = PBXGroup;
			children = (
				DF41FFD22502ACCB00EDA819 /* AppDelegate.swift */,
				DF41FFD42502ACCB00EDA819 /* SceneDelegate.swift */,
				DF41FFD62502ACCB00EDA819 /* ViewController.swift */,
				DF41FFD82502ACCB00EDA819 /* Main.storyboard */,
				DF41FFDE2502ACCD00EDA819 /* Assets.xcassets */,
				DF41FFE02502ACCD00EDA819 /* LaunchScreen.storyboard */,
				DF41FFE32502ACCD00EDA819 /* Info.plist */,
				DF41FFDB2502ACCB00EDA819 /* MediaSoft.xcdatamodeld */,
			);
			path = MediaSoft;
			sourceTree = "<group>";
		};
/* End PBXGroup section */

/* Begin PBXNativeTarget section */
		DF41FFCE2502ACCB00EDA819 /* MediaSoft */ = {
			isa = PBXNativeTarget;
			buildConfigurationList = DF41FFE62502ACCD00EDA819 /* Build configuration list for PBXNativeTarget "MediaSoft" */;
			buildPhases = (
				DF41FFCB2502ACCB00EDA819 /* Sources */,
				DF41FFCC2502ACCB00EDA819 /* Frameworks */,
				DF41FFCD2502ACCB00EDA819 /* Resources */,
			);
			buildRules = (
			);
			dependencies = (
			);
			name = MediaSoft;
			productName = MediaSoft;
			productReference = DF41FFCF2502ACCB00EDA819 /* MediaSoft.app */;
			productType = "com.apple.product-type.application";
		};
/* End PBXNativeTarget section */

/* Begin PBXProject section */
		DF41FFC72502ACCB00EDA819 /* Project object */ = {
			isa = PBXProject;
			attributes = {
				LastSwiftUpdateCheck = 1170;
				LastUpgradeCheck = 1170;
				ORGANIZATIONNAME = "Denis Prozukin";
				TargetAttributes = {
					DF41FFCE2502ACCB00EDA819 = {
						CreatedOnToolsVersion = 11.7;
					};
				};
			};
			buildConfigurationList = DF41FFCA2502ACCB00EDA819 /* Build configuration list for PBXProject "MediaSoft" */;
			compatibilityVersion = "Xcode 9.3";
			developmentRegion = en;
			hasScannedForEncodings = 0;
			knownRegions = (
				en,
				Base,
			);
			mainGroup = DF41FFC62502ACCB00EDA819;
			productRefGroup = DF41FFD02502ACCB00EDA819 /* Products */;
			projectDirPath = "";
			projectRoot = "";
			targets = (
				DF41FFCE2502ACCB00EDA819 /* MediaSoft */,
			);
		};
/* End PBXProject section */

/* Begin PBXResourcesBuildPhase section */
		DF41FFCD2502ACCB00EDA819 /* Resources */ = {
			isa = PBXResourcesBuildPhase;
			buildActionMask = 2147483647;
			files = (
				DF41FFE22502ACCD00EDA819 /* LaunchScreen.storyboard in Resources */,
				DF41FFDF2502ACCD00EDA819 /* Assets.xcassets in Resources */,
				DF41FFDA2502ACCB00EDA819 /* Main.storyboard in Resources */,
			);
			runOnlyForDeploymentPostprocessing = 0;
		};
/* End PBXResourcesBuildPhase section */

/* Begin PBXSourcesBuildPhase section */
		DF41FFCB2502ACCB00EDA819 /* Sources */ = {
			isa = PBXSourcesBuildPhase;
			buildActionMask = 2147483647;
			files = (
				DF41FFD72502ACCB00EDA819 /* ViewController.swift in Sources */,
				DF41FFD32502ACCB00EDA819 /* AppDelegate.swift in Sources */,
				DF41FFDD2502ACCB00EDA819 /* MediaSoft.xcdatamodeld in Sources */,
				DF41FFD52502ACCB00EDA819 /* SceneDelegate.swift in Sources */,
			);
			runOnlyForDeploymentPostprocessing = 0;
		};
/* End PBXSourcesBuildPhase section */

/* Begin PBXVariantGroup section */
		DF41FFD82502ACCB00EDA819 /* Main.storyboard */ = {
			isa = PBXVariantGroup;
			children = (
				DF41FFD92502ACCB00EDA819 /* Base */,
			);
			name = Main.storyboard;
			sourceTree = "<group>";
		};
		DF41FFE02502ACCD00EDA819 /* LaunchScreen.storyboard */ = {
			isa = PBXVariantGroup;
			children = (
				DF41FFE12502ACCD00EDA819 /* Base */,
			);
			name = LaunchScreen.storyboard;
			sourceTree = "<group>";
		};
/* End PBXVariantGroup section */

/* Begin XCBuildConfiguration section */
		DF41FFE42502ACCD00EDA819 /* Debug */ = {
			isa = XCBuildConfiguration;
			buildSettings = {
				ALWAYS_SEARCH_USER_PATHS = NO;
				CLANG_ANALYZER_NONNULL = YES;
				CLANG_ANALYZER_NUMBER_OBJECT_CONVERSION = YES_AGGRESSIVE;
				CLANG_CXX_LANGUAGE_STANDARD = "gnu++14";
				CLANG_CXX_LIBRARY = "libc++";
				CLANG_ENABLE_MODULES = YES;
				CLANG_ENABLE_OBJC_ARC = YES;
				CLANG_ENABLE_OBJC_WEAK = YES;
				CLANG_WARN_BLOCK_CAPTURE_AUTORELEASING = YES;
				CLANG_WARN_BOOL_CONVERSION = YES;
				CLANG_WARN_COMMA = YES;
				CLANG_WARN_CONSTANT_CONVERSION = YES;
				CLANG_WARN_DEPRECATED_OBJC_IMPLEMENTATIONS = YES;
				CLANG_WARN_DIRECT_OBJC_ISA_USAGE = YES_ERROR;
				CLANG_WARN_DOCUMENTATION_COMMENTS = YES;
				CLANG_WARN_EMPTY_BODY = YES;
				CLANG_WARN_ENUM_CONVERSION = YES;
				CLANG_WARN_INFINITE_RECURSION = YES;
				CLANG_WARN_INT_CONVERSION = YES;
				CLANG_WARN_NON_LITERAL_NULL_CONVERSION = YES;
				CLANG_WARN_OBJC_IMPLICIT_RETAIN_SELF = YES;
				CLANG_WARN_OBJC_LITERAL_CONVERSION = YES;
				CLANG_WARN_OBJC_ROOT_CLASS = YES_ERROR;
				CLANG_WARN_RANGE_LOOP_ANALYSIS = YES;
				CLANG_WARN_STRICT_PROTOTYPES = YES;
				CLANG_WARN_SUSPICIOUS_MOVE = YES;
				CLANG_WARN_UNGUARDED_AVAILABILITY = YES_AGGRESSIVE;
				CLANG_WARN_UNREACHABLE_CODE = YES;
				CLANG_WARN__DUPLICATE_METHOD_MATCH = YES;
				COPY_PHASE_STRIP = NO;
				DEBUG_INFORMATION_FORMAT = dwarf;
				ENABLE_STRICT_OBJC_MSGSEND = YES;
				ENABLE_TESTABILITY = YES;
				GCC_C_LANGUAGE_STANDARD = gnu11;
				GCC_DYNAMIC_NO_PIC = NO;
				GCC_NO_COMMON_BLOCKS = YES;
				GCC_OPTIMIZATION_LEVEL = 0;
				GCC_PREPROCESSOR_DEFINITIONS = (
					"DEBUG=1",
					"$(inherited)",
				);
				GCC_WARN_64_TO_32_BIT_CONVERSION = YES;
				GCC_WARN_ABOUT_RETURN_TYPE = YES_ERROR;
				GCC_WARN_UNDECLARED_SELECTOR = YES;
				GCC_WARN_UNINITIALIZED_AUTOS = YES_AGGRESSIVE;
				GCC_WARN_UNUSED_FUNCTION = YES;
				GCC_WARN_UNUSED_VARIABLE = YES;
				IPHONEOS_DEPLOYMENT_TARGET = 13.7;
				MTL_ENABLE_DEBUG_INFO = INCLUDE_SOURCE;
				MTL_FAST_MATH = YES;
				ONLY_ACTIVE_ARCH = YES;
				SDKROOT = iphoneos;
				SWIFT_ACTIVE_COMPILATION_CONDITIONS = DEBUG;
				SWIFT_OPTIMIZATION_LEVEL = "-Onone";
			};
			name = Debug;
		};
		DF41FFE52502ACCD00EDA819 /* Release */ = {
			isa = XCBuildConfiguration;
			buildSettings = {
				ALWAYS_SEARCH_USER_PATHS = NO;
				CLANG_ANALYZER_NONNULL = YES;
				CLANG_ANALYZER_NUMBER_OBJECT_CONVERSION = YES_AGGRESSIVE;
				CLANG_CXX_LANGUAGE_STANDARD = "gnu++14";
				CLANG_CXX_LIBRARY = "libc++";
				CLANG_ENABLE_MODULES = YES;
				CLANG_ENABLE_OBJC_ARC = YES;
				CLANG_ENABLE_OBJC_WEAK = YES;
				CLANG_WARN_BLOCK_CAPTURE_AUTORELEASING = YES;
				CLANG_WARN_BOOL_CONVERSION = YES;
				CLANG_WARN_COMMA = YES;
				CLANG_WARN_CONSTANT_CONVERSION = YES;
				CLANG_WARN_DEPRECATED_OBJC_IMPLEMENTATIONS = YES;
				CLANG_WARN_DIRECT_OBJC_ISA_USAGE = YES_ERROR;
				CLANG_WARN_DOCUMENTATION_COMMENTS = YES;
				CLANG_WARN_EMPTY_BODY = YES;
				CLANG_WARN_ENUM_CONVERSION = YES;
				CLANG_WARN_INFINITE_RECURSION = YES;
				CLANG_WARN_INT_CONVERSION = YES;
				CLANG_WARN_NON_LITERAL_NULL_CONVERSION = YES;
				CLANG_WARN_OBJC_IMPLICIT_RETAIN_SELF = YES;
				CLANG_WARN_OBJC_LITERAL_CONVERSION = YES;
				CLANG_WARN_OBJC_ROOT_CLASS = YES_ERROR;
				CLANG_WARN_RANGE_LOOP_ANALYSIS = YES;
				CLANG_WARN_STRICT_PROTOTYPES = YES;
				CLANG_WARN_SUSPICIOUS_MOVE = YES;
				CLANG_WARN_UNGUARDED_AVAILABILITY = YES_AGGRESSIVE;
				CLANG_WARN_UNREACHABLE_CODE = YES;
				CLANG_WARN__DUPLICATE_METHOD_MATCH = YES;
				COPY_PHASE_STRIP = NO;
				DEBUG_INFORMATION_FORMAT = "dwarf-with-dsym";
				ENABLE_NS_ASSERTIONS = NO;
				ENABLE_STRICT_OBJC_MSGSEND = YES;
				GCC_C_LANGUAGE_STANDARD = gnu11;
				GCC_NO_COMMON_BLOCKS = YES;
				GCC_WARN_64_TO_32_BIT_CONVERSION = YES;
				GCC_WARN_ABOUT_RETURN_TYPE = YES_ERROR;
				GCC_WARN_UNDECLARED_SELECTOR = YES;
				GCC_WARN_UNINITIALIZED_AUTOS = YES_AGGRESSIVE;
				GCC_WARN_UNUSED_FUNCTION = YES;
				GCC_WARN_UNUSED_VARIABLE = YES;
				IPHONEOS_DEPLOYMENT_TARGET = 13.7;
				MTL_ENABLE_DEBUG_INFO = NO;
				MTL_FAST_MATH = YES;
				SDKROOT = iphoneos;
				SWIFT_COMPILATION_MODE = wholemodule;
				SWIFT_OPTIMIZATION_LEVEL = "-O";
				VALIDATE_PRODUCT = YES;
			};
			name = Release;
		};
		DF41FFE72502ACCD00EDA819 /* Debug */ = {
			isa = XCBuildConfiguration;
			buildSettings = {
				ASSETCATALOG_COMPILER_APPICON_NAME = AppIcon;
				CODE_SIGN_STYLE = Automatic;
				DEVELOPMENT_TEAM = FNJ44D2ZPR;
				INFOPLIST_FILE = MediaSoft/Info.plist;
				LD_RUNPATH_SEARCH_PATHS = (
					"$(inherited)",
					"@executable_path/Frameworks",
				);
				PRODUCT_BUNDLE_IDENTIFIER = "Denis-Prozukin.MediaSoft";
				PRODUCT_NAME = "$(TARGET_NAME)";
				SWIFT_VERSION = 5.0;
				TARGETED_DEVICE_FAMILY = "1,2";
			};
			name = Debug;
		};
		DF41FFE82502ACCD00EDA819 /* Release */ = {
			isa = XCBuildConfiguration;
			buildSettings = {
				ASSETCATALOG_COMPILER_APPICON_NAME = AppIcon;
				CODE_SIGN_STYLE = Automatic;
				DEVELOPMENT_TEAM = FNJ44D2ZPR;
				INFOPLIST_FILE = MediaSoft/Info.plist;
				LD_RUNPATH_SEARCH_PATHS = (
					"$(inherited)",
					"@executable_path/Frameworks",
				);
				PRODUCT_BUNDLE_IDENTIFIER = "Denis-Prozukin.MediaSoft";
				PRODUCT_NAME = "$(TARGET_NAME)";
				SWIFT_VERSION = 5.0;
				TARGETED_DEVICE_FAMILY = "1,2";
			};
			name = Release;
		};
/* End XCBuildConfiguration section */

/* Begin XCConfigurationList section */
		DF41FFCA2502ACCB00EDA819 /* Build configuration list for PBXProject "MediaSoft" */ = {
			isa = XCConfigurationList;
			buildConfigurations = (
				DF41FFE42502ACCD00EDA819 /* Debug */,
				DF41FFE52502ACCD00EDA819 /* Release */,
			);
			defaultConfigurationIsVisible = 0;
			defaultConfigurationName = Release;
		};
		DF41FFE62502ACCD00EDA819 /* Build configuration list for PBXNativeTarget "MediaSoft" */ = {
			isa = XCConfigurationList;
			buildConfigurations = (
				DF41FFE72502ACCD00EDA819 /* Debug */,
				DF41FFE82502ACCD00EDA819 /* Release */,
			);
			defaultConfigurationIsVisible = 0;
			defaultConfigurationName = Release;
		};
/* End XCConfigurationList section */

/* Begin XCVersionGroup section */
		DF41FFDB2502ACCB00EDA819 /* MediaSoft.xcdatamodeld */ = {
			isa = XCVersionGroup;
			children = (
				DF41FFDC2502ACCB00EDA819 /* MediaSoft.xcdatamodel */,
			);
			currentVersion = DF41FFDC2502ACCB00EDA819 /* MediaSoft.xcdatamodel */;
			path = MediaSoft.xcdatamodeld;
			sourceTree = "<group>";
			versionGroupType = wrapper.xcdatamodel;
		};
/* End XCVersionGroup section */
	};
	rootObject = DF41FFC72502ACCB00EDA819 /* Project object */;
}
